// !$*UTF8*$!
{
	archiveVersion = 1;
	classes = {
	};
	objectVersion = 56;
	objects = {

/* Begin PBXBuildFile section */
		EA908B542BD8CBA70080869C /* LandmarksApp.swift in Sources */ = {isa = PBXBuildFile; fileRef = EA908B532BD8CBA70080869C /* LandmarksApp.swift */; };
		EA908B562BD8CBA70080869C /* ContentView.swift in Sources */ = {isa = PBXBuildFile; fileRef = EA908B552BD8CBA70080869C /* ContentView.swift */; };
		EA908B582BD8CBA80080869C /* Assets.xcassets in Resources */ = {isa = PBXBuildFile; fileRef = EA908B572BD8CBA80080869C /* Assets.xcassets */; };
		EA908B5B2BD8CBA80080869C /* Preview Assets.xcassets in Resources */ = {isa = PBXBuildFile; fileRef = EA908B5A2BD8CBA80080869C /* Preview Assets.xcassets */; };
		EA908B652BD8CBA90080869C /* LandmarksTests.swift in Sources */ = {isa = PBXBuildFile; fileRef = EA908B642BD8CBA90080869C /* LandmarksTests.swift */; };
		EA908B6F2BD8CBA90080869C /* LandmarksUITests.swift in Sources */ = {isa = PBXBuildFile; fileRef = EA908B6E2BD8CBA90080869C /* LandmarksUITests.swift */; };
		EA908B712BD8CBA90080869C /* LandmarksUITestsLaunchTests.swift in Sources */ = {isa = PBXBuildFile; fileRef = EA908B702BD8CBA90080869C /* LandmarksUITestsLaunchTests.swift */; };
		EA908B7E2BD8CDE20080869C /* CircleImage.swift in Sources */ = {isa = PBXBuildFile; fileRef = EA908B7D2BD8CDE20080869C /* CircleImage.swift */; };
		EA908B802BD8CE540080869C /* MapView.swift in Sources */ = {isa = PBXBuildFile; fileRef = EA908B7F2BD8CE540080869C /* MapView.swift */; };
		EA908B832BD8D1540080869C /* landmarkData.json in Resources */ = {isa = PBXBuildFile; fileRef = EA908B822BD8D1540080869C /* landmarkData.json */; };
		EA908B852BD8D18D0080869C /* LandMark.swift in Sources */ = {isa = PBXBuildFile; fileRef = EA908B842BD8D18D0080869C /* LandMark.swift */; };
		EA908B892BD8D28E0080869C /* ModelData.swift in Sources */ = {isa = PBXBuildFile; fileRef = EA908B882BD8D28E0080869C /* ModelData.swift */; };
		EA908B8B2BD8D2BB0080869C /* LandmarkRow.swift in Sources */ = {isa = PBXBuildFile; fileRef = EA908B8A2BD8D2BB0080869C /* LandmarkRow.swift */; };
		EA908B8D2BD8D4080080869C /* LandmarkList.swift in Sources */ = {isa = PBXBuildFile; fileRef = EA908B8C2BD8D4080080869C /* LandmarkList.swift */; };
		EA908B8F2BD8D4720080869C /* LandmarkDetail.swift in Sources */ = {isa = PBXBuildFile; fileRef = EA908B8E2BD8D4720080869C /* LandmarkDetail.swift */; };
		EA908B912BD8DD650080869C /* FavoriteButton.swift in Sources */ = {isa = PBXBuildFile; fileRef = EA908B902BD8DD650080869C /* FavoriteButton.swift */; };
		EA908B952BD900210080869C /* HexagonParameters.swift in Sources */ = {isa = PBXBuildFile; fileRef = EA908B942BD900210080869C /* HexagonParameters.swift */; };
		EA908B972BD9008A0080869C /* BadgeBackground.swift in Sources */ = {isa = PBXBuildFile; fileRef = EA908B962BD9008A0080869C /* BadgeBackground.swift */; };
		EA908B992BD901EB0080869C /* BadgeSymbol.swift in Sources */ = {isa = PBXBuildFile; fileRef = EA908B982BD901EB0080869C /* BadgeSymbol.swift */; };
		EA908B9B2BD9021B0080869C /* RotatedBadgeSymbol.swift in Sources */ = {isa = PBXBuildFile; fileRef = EA908B9A2BD9021B0080869C /* RotatedBadgeSymbol.swift */; };
		EA908B9D2BD9023E0080869C /* Badge.swift in Sources */ = {isa = PBXBuildFile; fileRef = EA908B9C2BD9023E0080869C /* Badge.swift */; };
		EA908BA02BD903500080869C /* hikeData.json in Resources */ = {isa = PBXBuildFile; fileRef = EA908B9F2BD903500080869C /* hikeData.json */; };
		EA908BA22BD9036D0080869C /* Hike.swift in Sources */ = {isa = PBXBuildFile; fileRef = EA908BA12BD9036D0080869C /* Hike.swift */; };
		EA908BA82BD903CF0080869C /* HikeDetail.swift in Sources */ = {isa = PBXBuildFile; fileRef = EA908BA42BD903CF0080869C /* HikeDetail.swift */; };
		EA908BA92BD903CF0080869C /* HikeView.swift in Sources */ = {isa = PBXBuildFile; fileRef = EA908BA52BD903CF0080869C /* HikeView.swift */; };
		EA908BAA2BD903CF0080869C /* GraphCapsule.swift in Sources */ = {isa = PBXBuildFile; fileRef = EA908BA62BD903CF0080869C /* GraphCapsule.swift */; };
		EA908BAB2BD903CF0080869C /* HikeGraph.swift in Sources */ = {isa = PBXBuildFile; fileRef = EA908BA72BD903CF0080869C /* HikeGraph.swift */; };
		EA908BAE2BD9065B0080869C /* CategoryHome.swift in Sources */ = {isa = PBXBuildFile; fileRef = EA908BAD2BD9065B0080869C /* CategoryHome.swift */; };
		EA908BB02BD908000080869C /* CategoryRow.swift in Sources */ = {isa = PBXBuildFile; fileRef = EA908BAF2BD908000080869C /* CategoryRow.swift */; };
		EA908BB22BD908600080869C /* CategoryItem.swift in Sources */ = {isa = PBXBuildFile; fileRef = EA908BB12BD908600080869C /* CategoryItem.swift */; };
		EA908BB42BD90B1F0080869C /* Profile.swift in Sources */ = {isa = PBXBuildFile; fileRef = EA908BB32BD90B1F0080869C /* Profile.swift */; };
		EA908BB72BD90B3F0080869C /* ProfileHost.swift in Sources */ = {isa = PBXBuildFile; fileRef = EA908BB62BD90B3F0080869C /* ProfileHost.swift */; };
		EA908BB92BD90B5C0080869C /* ProfileSummary.swift in Sources */ = {isa = PBXBuildFile; fileRef = EA908BB82BD90B5C0080869C /* ProfileSummary.swift */; };
		EA908BBB2BD90C4B0080869C /* HikeBadge.swift in Sources */ = {isa = PBXBuildFile; fileRef = EA908BBA2BD90C4B0080869C /* HikeBadge.swift */; };
		EA908BBD2BD90D4E0080869C /* ProfileEditor.swift in Sources */ = {isa = PBXBuildFile; fileRef = EA908BBC2BD90D4E0080869C /* ProfileEditor.swift */; };
		EA908BC02BD911950080869C /* PageViewController.swift in Sources */ = {isa = PBXBuildFile; fileRef = EA908BBF2BD911950080869C /* PageViewController.swift */; };
		EA908BC22BD912300080869C /* FeatureCard.swift in Sources */ = {isa = PBXBuildFile; fileRef = EA908BC12BD912300080869C /* FeatureCard.swift */; };
		EA908BC42BD912740080869C /* PageView.swift in Sources */ = {isa = PBXBuildFile; fileRef = EA908BC32BD912740080869C /* PageView.swift */; };
		EA908BC62BD913BE0080869C /* PageControl.swift in Sources */ = {isa = PBXBuildFile; fileRef = EA908BC52BD913BE0080869C /* PageControl.swift */; };
		EA908BD02BD915580080869C /* ContentView.swift in Sources */ = {isa = PBXBuildFile; fileRef = EA908BCF2BD915580080869C /* ContentView.swift */; };
		EA908BD22BD915590080869C /* Assets.xcassets in Resources */ = {isa = PBXBuildFile; fileRef = EA908BD12BD915590080869C /* Assets.xcassets */; };
		EA908BD52BD915590080869C /* Preview Assets.xcassets in Resources */ = {isa = PBXBuildFile; fileRef = EA908BD42BD915590080869C /* Preview Assets.xcassets */; };
		EA908BDF2BD915590080869C /* WatchLandmarks_Watch_AppTests.swift in Sources */ = {isa = PBXBuildFile; fileRef = EA908BDE2BD915590080869C /* WatchLandmarks_Watch_AppTests.swift */; };
		EA908BE92BD915590080869C /* WatchLandmarks_Watch_AppUITests.swift in Sources */ = {isa = PBXBuildFile; fileRef = EA908BE82BD915590080869C /* WatchLandmarks_Watch_AppUITests.swift */; };
		EA908BEB2BD915590080869C /* WatchLandmarks_Watch_AppUITestsLaunchTests.swift in Sources */ = {isa = PBXBuildFile; fileRef = EA908BEA2BD915590080869C /* WatchLandmarks_Watch_AppUITestsLaunchTests.swift */; };
		EA908BEE2BD915590080869C /* WatchLandmarks Watch App.app in Embed Watch Content */ = {isa = PBXBuildFile; fileRef = EA908BCB2BD915580080869C /* WatchLandmarks Watch App.app */; settings = {ATTRIBUTES = (RemoveHeadersOnCopy, ); }; };
		EA908C052BD9160D0080869C /* Assets.xcassets in Resources */ = {isa = PBXBuildFile; fileRef = EA908B572BD8CBA80080869C /* Assets.xcassets */; };
		EA908C062BD9160D0080869C /* Hike.swift in Sources */ = {isa = PBXBuildFile; fileRef = EA908BA12BD9036D0080869C /* Hike.swift */; };
		EA908C072BD9160D0080869C /* LandmarkList.swift in Sources */ = {isa = PBXBuildFile; fileRef = EA908B8C2BD8D4080080869C /* LandmarkList.swift */; };
		EA908C082BD9160D0080869C /* LandmarkRow.swift in Sources */ = {isa = PBXBuildFile; fileRef = EA908B8A2BD8D2BB0080869C /* LandmarkRow.swift */; };
		EA908C092BD9160D0080869C /* Profile.swift in Sources */ = {isa = PBXBuildFile; fileRef = EA908BB32BD90B1F0080869C /* Profile.swift */; };
		EA908C0A2BD9160D0080869C /* LandMark.swift in Sources */ = {isa = PBXBuildFile; fileRef = EA908B842BD8D18D0080869C /* LandMark.swift */; };
		EA908C0B2BD9160D0080869C /* CircleImage.swift in Sources */ = {isa = PBXBuildFile; fileRef = EA908B7D2BD8CDE20080869C /* CircleImage.swift */; };
		EA908C0C2BD9160D0080869C /* MapView.swift in Sources */ = {isa = PBXBuildFile; fileRef = EA908B7F2BD8CE540080869C /* MapView.swift */; };
		EA908C0D2BD9160D0080869C /* landmarkData.json in Resources */ = {isa = PBXBuildFile; fileRef = EA908B822BD8D1540080869C /* landmarkData.json */; };
		EA908C0E2BD9160D0080869C /* ModelData.swift in Sources */ = {isa = PBXBuildFile; fileRef = EA908B882BD8D28E0080869C /* ModelData.swift */; };
		EA908C0F2BD9160D0080869C /* hikeData.json in Resources */ = {isa = PBXBuildFile; fileRef = EA908B9F2BD903500080869C /* hikeData.json */; };
		EA908C102BD9160D0080869C /* LandmarksApp.swift in Sources */ = {isa = PBXBuildFile; fileRef = EA908B532BD8CBA70080869C /* LandmarksApp.swift */; };
		EA908C122BD916B40080869C /* LandmarkDetail.swift in Sources */ = {isa = PBXBuildFile; fileRef = EA908C112BD916B40080869C /* LandmarkDetail.swift */; };
		EA908C142BD918660080869C /* NotificationView.swift in Sources */ = {isa = PBXBuildFile; fileRef = EA908C132BD918660080869C /* NotificationView.swift */; };
		EA908C172BD918B60080869C /* NotificationViewController.swift in Sources */ = {isa = PBXBuildFile; fileRef = EA908C162BD918B60080869C /* NotificationViewController.swift */; };
		EA908C192BD91AB10080869C /* PushNotificationPayload.apns in Resources */ = {isa = PBXBuildFile; fileRef = EA908C182BD919640080869C /* PushNotificationPayload.apns */; };
/* End PBXBuildFile section */

/* Begin PBXContainerItemProxy section */
		EA908B612BD8CBA90080869C /* PBXContainerItemProxy */ = {
			isa = PBXContainerItemProxy;
			containerPortal = EA908B482BD8CBA70080869C /* Project object */;
			proxyType = 1;
			remoteGlobalIDString = EA908B4F2BD8CBA70080869C;
			remoteInfo = Landmarks;
		};
		EA908B6B2BD8CBA90080869C /* PBXContainerItemProxy */ = {
			isa = PBXContainerItemProxy;
			containerPortal = EA908B482BD8CBA70080869C /* Project object */;
			proxyType = 1;
			remoteGlobalIDString = EA908B4F2BD8CBA70080869C;
			remoteInfo = Landmarks;
		};
		EA908BDB2BD915590080869C /* PBXContainerItemProxy */ = {
			isa = PBXContainerItemProxy;
			containerPortal = EA908B482BD8CBA70080869C /* Project object */;
			proxyType = 1;
			remoteGlobalIDString = EA908BCA2BD915580080869C;
			remoteInfo = "WatchLandmarks Watch App";
		};
		EA908BE52BD915590080869C /* PBXContainerItemProxy */ = {
			isa = PBXContainerItemProxy;
			containerPortal = EA908B482BD8CBA70080869C /* Project object */;
			proxyType = 1;
			remoteGlobalIDString = EA908BCA2BD915580080869C;
			remoteInfo = "WatchLandmarks Watch App";
		};
		EA908BEC2BD915590080869C /* PBXContainerItemProxy */ = {
			isa = PBXContainerItemProxy;
			containerPortal = EA908B482BD8CBA70080869C /* Project object */;
			proxyType = 1;
			remoteGlobalIDString = EA908BCA2BD915580080869C;
			remoteInfo = "WatchLandmarks Watch App";
		};
/* End PBXContainerItemProxy section */

/* Begin PBXCopyFilesBuildPhase section */
		EA908BF22BD9155A0080869C /* Embed Watch Content */ = {
			isa = PBXCopyFilesBuildPhase;
			buildActionMask = 2147483647;
			dstPath = "$(CONTENTS_FOLDER_PATH)/Watch";
			dstSubfolderSpec = 16;
			files = (
				EA908BEE2BD915590080869C /* WatchLandmarks Watch App.app in Embed Watch Content */,
			);
			name = "Embed Watch Content";
			runOnlyForDeploymentPostprocessing = 0;
		};
/* End PBXCopyFilesBuildPhase section */

/* Begin PBXFileReference section */
		EA908B502BD8CBA70080869C /* Landmarks.app */ = {isa = PBXFileReference; explicitFileType = wrapper.application; includeInIndex = 0; path = Landmarks.app; sourceTree = BUILT_PRODUCTS_DIR; };
		EA908B532BD8CBA70080869C /* LandmarksApp.swift */ = {isa = PBXFileReference; lastKnownFileType = sourcecode.swift; path = LandmarksApp.swift; sourceTree = "<group>"; };
		EA908B552BD8CBA70080869C /* ContentView.swift */ = {isa = PBXFileReference; lastKnownFileType = sourcecode.swift; path = ContentView.swift; sourceTree = "<group>"; };
		EA908B572BD8CBA80080869C /* Assets.xcassets */ = {isa = PBXFileReference; lastKnownFileType = folder.assetcatalog; path = Assets.xcassets; sourceTree = "<group>"; };
		EA908B5A2BD8CBA80080869C /* Preview Assets.xcassets */ = {isa = PBXFileReference; lastKnownFileType = folder.assetcatalog; path = "Preview Assets.xcassets"; sourceTree = "<group>"; };
		EA908B602BD8CBA90080869C /* LandmarksTests.xctest */ = {isa = PBXFileReference; explicitFileType = wrapper.cfbundle; includeInIndex = 0; path = LandmarksTests.xctest; sourceTree = BUILT_PRODUCTS_DIR; };
		EA908B642BD8CBA90080869C /* LandmarksTests.swift */ = {isa = PBXFileReference; lastKnownFileType = sourcecode.swift; path = LandmarksTests.swift; sourceTree = "<group>"; };
		EA908B6A2BD8CBA90080869C /* LandmarksUITests.xctest */ = {isa = PBXFileReference; explicitFileType = wrapper.cfbundle; includeInIndex = 0; path = LandmarksUITests.xctest; sourceTree = BUILT_PRODUCTS_DIR; };
		EA908B6E2BD8CBA90080869C /* LandmarksUITests.swift */ = {isa = PBXFileReference; lastKnownFileType = sourcecode.swift; path = LandmarksUITests.swift; sourceTree = "<group>"; };
		EA908B702BD8CBA90080869C /* LandmarksUITestsLaunchTests.swift */ = {isa = PBXFileReference; lastKnownFileType = sourcecode.swift; path = LandmarksUITestsLaunchTests.swift; sourceTree = "<group>"; };
		EA908B7D2BD8CDE20080869C /* CircleImage.swift */ = {isa = PBXFileReference; lastKnownFileType = sourcecode.swift; path = CircleImage.swift; sourceTree = "<group>"; };
		EA908B7F2BD8CE540080869C /* MapView.swift */ = {isa = PBXFileReference; lastKnownFileType = sourcecode.swift; path = MapView.swift; sourceTree = "<group>"; };
		EA908B822BD8D1540080869C /* landmarkData.json */ = {isa = PBXFileReference; fileEncoding = 4; lastKnownFileType = text.json; path = landmarkData.json; sourceTree = "<group>"; };
		EA908B842BD8D18D0080869C /* LandMark.swift */ = {isa = PBXFileReference; lastKnownFileType = sourcecode.swift; path = LandMark.swift; sourceTree = "<group>"; };
		EA908B882BD8D28E0080869C /* ModelData.swift */ = {isa = PBXFileReference; lastKnownFileType = sourcecode.swift; path = ModelData.swift; sourceTree = "<group>"; };
		EA908B8A2BD8D2BB0080869C /* LandmarkRow.swift */ = {isa = PBXFileReference; lastKnownFileType = sourcecode.swift; path = LandmarkRow.swift; sourceTree = "<group>"; };
		EA908B8C2BD8D4080080869C /* LandmarkList.swift */ = {isa = PBXFileReference; lastKnownFileType = sourcecode.swift; path = LandmarkList.swift; sourceTree = "<group>"; };
		EA908B8E2BD8D4720080869C /* LandmarkDetail.swift */ = {isa = PBXFileReference; lastKnownFileType = sourcecode.swift; path = LandmarkDetail.swift; sourceTree = "<group>"; };
		EA908B902BD8DD650080869C /* FavoriteButton.swift */ = {isa = PBXFileReference; lastKnownFileType = sourcecode.swift; path = FavoriteButton.swift; sourceTree = "<group>"; };
		EA908B942BD900210080869C /* HexagonParameters.swift */ = {isa = PBXFileReference; lastKnownFileType = sourcecode.swift; path = HexagonParameters.swift; sourceTree = "<group>"; };
		EA908B962BD9008A0080869C /* BadgeBackground.swift */ = {isa = PBXFileReference; lastKnownFileType = sourcecode.swift; path = BadgeBackground.swift; sourceTree = "<group>"; };
		EA908B982BD901EB0080869C /* BadgeSymbol.swift */ = {isa = PBXFileReference; lastKnownFileType = sourcecode.swift; path = BadgeSymbol.swift; sourceTree = "<group>"; };
		EA908B9A2BD9021B0080869C /* RotatedBadgeSymbol.swift */ = {isa = PBXFileReference; lastKnownFileType = sourcecode.swift; path = RotatedBadgeSymbol.swift; sourceTree = "<group>"; };
		EA908B9C2BD9023E0080869C /* Badge.swift */ = {isa = PBXFileReference; lastKnownFileType = sourcecode.swift; path = Badge.swift; sourceTree = "<group>"; };
		EA908B9F2BD903500080869C /* hikeData.json */ = {isa = PBXFileReference; fileEncoding = 4; lastKnownFileType = text.json; path = hikeData.json; sourceTree = "<group>"; };
		EA908BA12BD9036D0080869C /* Hike.swift */ = {isa = PBXFileReference; lastKnownFileType = sourcecode.swift; path = Hike.swift; sourceTree = "<group>"; };
		EA908BA42BD903CF0080869C /* HikeDetail.swift */ = {isa = PBXFileReference; fileEncoding = 4; lastKnownFileType = sourcecode.swift; path = HikeDetail.swift; sourceTree = "<group>"; };
		EA908BA52BD903CF0080869C /* HikeView.swift */ = {isa = PBXFileReference; fileEncoding = 4; lastKnownFileType = sourcecode.swift; path = HikeView.swift; sourceTree = "<group>"; };
		EA908BA62BD903CF0080869C /* GraphCapsule.swift */ = {isa = PBXFileReference; fileEncoding = 4; lastKnownFileType = sourcecode.swift; path = GraphCapsule.swift; sourceTree = "<group>"; };
		EA908BA72BD903CF0080869C /* HikeGraph.swift */ = {isa = PBXFileReference; fileEncoding = 4; lastKnownFileType = sourcecode.swift; path = HikeGraph.swift; sourceTree = "<group>"; };
		EA908BAD2BD9065B0080869C /* CategoryHome.swift */ = {isa = PBXFileReference; lastKnownFileType = sourcecode.swift; path = CategoryHome.swift; sourceTree = "<group>"; };
		EA908BAF2BD908000080869C /* CategoryRow.swift */ = {isa = PBXFileReference; lastKnownFileType = sourcecode.swift; path = CategoryRow.swift; sourceTree = "<group>"; };
		EA908BB12BD908600080869C /* CategoryItem.swift */ = {isa = PBXFileReference; lastKnownFileType = sourcecode.swift; path = CategoryItem.swift; sourceTree = "<group>"; };
		EA908BB32BD90B1F0080869C /* Profile.swift */ = {isa = PBXFileReference; lastKnownFileType = sourcecode.swift; path = Profile.swift; sourceTree = "<group>"; };
		EA908BB62BD90B3F0080869C /* ProfileHost.swift */ = {isa = PBXFileReference; lastKnownFileType = sourcecode.swift; path = ProfileHost.swift; sourceTree = "<group>"; };
		EA908BB82BD90B5C0080869C /* ProfileSummary.swift */ = {isa = PBXFileReference; lastKnownFileType = sourcecode.swift; path = ProfileSummary.swift; sourceTree = "<group>"; };
		EA908BBA2BD90C4B0080869C /* HikeBadge.swift */ = {isa = PBXFileReference; lastKnownFileType = sourcecode.swift; path = HikeBadge.swift; sourceTree = "<group>"; };
		EA908BBC2BD90D4E0080869C /* ProfileEditor.swift */ = {isa = PBXFileReference; lastKnownFileType = sourcecode.swift; path = ProfileEditor.swift; sourceTree = "<group>"; };
		EA908BBF2BD911950080869C /* PageViewController.swift */ = {isa = PBXFileReference; lastKnownFileType = sourcecode.swift; path = PageViewController.swift; sourceTree = "<group>"; };
		EA908BC12BD912300080869C /* FeatureCard.swift */ = {isa = PBXFileReference; lastKnownFileType = sourcecode.swift; path = FeatureCard.swift; sourceTree = "<group>"; };
		EA908BC32BD912740080869C /* PageView.swift */ = {isa = PBXFileReference; lastKnownFileType = sourcecode.swift; path = PageView.swift; sourceTree = "<group>"; };
		EA908BC52BD913BE0080869C /* PageControl.swift */ = {isa = PBXFileReference; lastKnownFileType = sourcecode.swift; path = PageControl.swift; sourceTree = "<group>"; };
		EA908BCB2BD915580080869C /* WatchLandmarks Watch App.app */ = {isa = PBXFileReference; explicitFileType = wrapper.application; includeInIndex = 0; path = "WatchLandmarks Watch App.app"; sourceTree = BUILT_PRODUCTS_DIR; };
		EA908BCF2BD915580080869C /* ContentView.swift */ = {isa = PBXFileReference; lastKnownFileType = sourcecode.swift; path = ContentView.swift; sourceTree = "<group>"; };
		EA908BD12BD915590080869C /* Assets.xcassets */ = {isa = PBXFileReference; lastKnownFileType = folder.assetcatalog; path = Assets.xcassets; sourceTree = "<group>"; };
		EA908BD42BD915590080869C /* Preview Assets.xcassets */ = {isa = PBXFileReference; lastKnownFileType = folder.assetcatalog; path = "Preview Assets.xcassets"; sourceTree = "<group>"; };
		EA908BDA2BD915590080869C /* WatchLandmarks Watch AppTests.xctest */ = {isa = PBXFileReference; explicitFileType = wrapper.cfbundle; includeInIndex = 0; path = "WatchLandmarks Watch AppTests.xctest"; sourceTree = BUILT_PRODUCTS_DIR; };
		EA908BDE2BD915590080869C /* WatchLandmarks_Watch_AppTests.swift */ = {isa = PBXFileReference; lastKnownFileType = sourcecode.swift; path = WatchLandmarks_Watch_AppTests.swift; sourceTree = "<group>"; };
		EA908BE42BD915590080869C /* WatchLandmarks Watch AppUITests.xctest */ = {isa = PBXFileReference; explicitFileType = wrapper.cfbundle; includeInIndex = 0; path = "WatchLandmarks Watch AppUITests.xctest"; sourceTree = BUILT_PRODUCTS_DIR; };
		EA908BE82BD915590080869C /* WatchLandmarks_Watch_AppUITests.swift */ = {isa = PBXFileReference; lastKnownFileType = sourcecode.swift; path = WatchLandmarks_Watch_AppUITests.swift; sourceTree = "<group>"; };
		EA908BEA2BD915590080869C /* WatchLandmarks_Watch_AppUITestsLaunchTests.swift */ = {isa = PBXFileReference; lastKnownFileType = sourcecode.swift; path = WatchLandmarks_Watch_AppUITestsLaunchTests.swift; sourceTree = "<group>"; };
		EA908C112BD916B40080869C /* LandmarkDetail.swift */ = {isa = PBXFileReference; lastKnownFileType = sourcecode.swift; name = LandmarkDetail.swift; path = ../../../../../../../Downloads/LandmarkDetail.swift; sourceTree = "<group>"; };
		EA908C132BD918660080869C /* NotificationView.swift */ = {isa = PBXFileReference; lastKnownFileType = sourcecode.swift; path = NotificationView.swift; sourceTree = "<group>"; };
		EA908C162BD918B60080869C /* NotificationViewController.swift */ = {isa = PBXFileReference; lastKnownFileType = sourcecode.swift; path = NotificationViewController.swift; sourceTree = "<group>"; };
		EA908C182BD919640080869C /* PushNotificationPayload.apns */ = {isa = PBXFileReference; lastKnownFileType = text; path = PushNotificationPayload.apns; sourceTree = "<group>"; };
/* End PBXFileReference section */

/* Begin PBXFrameworksBuildPhase section */
		EA908B4D2BD8CBA70080869C /* Frameworks */ = {
			isa = PBXFrameworksBuildPhase;
			buildActionMask = 2147483647;
			files = (
			);
			runOnlyForDeploymentPostprocessing = 0;
		};
		EA908B5D2BD8CBA80080869C /* Frameworks */ = {
			isa = PBXFrameworksBuildPhase;
			buildActionMask = 2147483647;
			files = (
			);
			runOnlyForDeploymentPostprocessing = 0;
		};
		EA908B672BD8CBA90080869C /* Frameworks */ = {
			isa = PBXFrameworksBuildPhase;
			buildActionMask = 2147483647;
			files = (
			);
			runOnlyForDeploymentPostprocessing = 0;
		};
		EA908BC82BD915580080869C /* Frameworks */ = {
			isa = PBXFrameworksBuildPhase;
			buildActionMask = 2147483647;
			files = (
			);
			runOnlyForDeploymentPostprocessing = 0;
		};
		EA908BD72BD915590080869C /* Frameworks */ = {
			isa = PBXFrameworksBuildPhase;
			buildActionMask = 2147483647;
			files = (
			);
			runOnlyForDeploymentPostprocessing = 0;
		};
		EA908BE12BD915590080869C /* Frameworks */ = {
			isa = PBXFrameworksBuildPhase;
			buildActionMask = 2147483647;
			files = (
			);
			runOnlyForDeploymentPostprocessing = 0;
		};
/* End PBXFrameworksBuildPhase section */

/* Begin PBXGroup section */
		EA908B472BD8CBA70080869C = {
			isa = PBXGroup;
			children = (
				EA908B522BD8CBA70080869C /* Landmarks */,
				EA908B632BD8CBA90080869C /* LandmarksTests */,
				EA908B6D2BD8CBA90080869C /* LandmarksUITests */,
				EA908BCC2BD915580080869C /* WatchLandmarks Watch App */,
				EA908BDD2BD915590080869C /* WatchLandmarks Watch AppTests */,
				EA908BE72BD915590080869C /* WatchLandmarks Watch AppUITests */,
				EA908B512BD8CBA70080869C /* Products */,
			);
			sourceTree = "<group>";
		};
		EA908B512BD8CBA70080869C /* Products */ = {
			isa = PBXGroup;
			children = (
				EA908B502BD8CBA70080869C /* Landmarks.app */,
				EA908B602BD8CBA90080869C /* LandmarksTests.xctest */,
				EA908B6A2BD8CBA90080869C /* LandmarksUITests.xctest */,
				EA908BCB2BD915580080869C /* WatchLandmarks Watch App.app */,
				EA908BDA2BD915590080869C /* WatchLandmarks Watch AppTests.xctest */,
				EA908BE42BD915590080869C /* WatchLandmarks Watch AppUITests.xctest */,
			);
			name = Products;
			sourceTree = "<group>";
		};
		EA908B522BD8CBA70080869C /* Landmarks */ = {
			isa = PBXGroup;
			children = (
				EA908B532BD8CBA70080869C /* LandmarksApp.swift */,
				EA908B862BD8D2380080869C /* Views */,
				EA908B872BD8D2560080869C /* Model */,
				EA908B812BD8D13F0080869C /* Resources */,
				EA908B572BD8CBA80080869C /* Assets.xcassets */,
				EA908B592BD8CBA80080869C /* Preview Content */,
			);
			path = Landmarks;
			sourceTree = "<group>";
		};
		EA908B592BD8CBA80080869C /* Preview Content */ = {
			isa = PBXGroup;
			children = (
				EA908B5A2BD8CBA80080869C /* Preview Assets.xcassets */,
			);
			path = "Preview Content";
			sourceTree = "<group>";
		};
		EA908B632BD8CBA90080869C /* LandmarksTests */ = {
			isa = PBXGroup;
			children = (
				EA908B642BD8CBA90080869C /* LandmarksTests.swift */,
			);
			path = LandmarksTests;
			sourceTree = "<group>";
		};
		EA908B6D2BD8CBA90080869C /* LandmarksUITests */ = {
			isa = PBXGroup;
			children = (
				EA908B6E2BD8CBA90080869C /* LandmarksUITests.swift */,
				EA908B702BD8CBA90080869C /* LandmarksUITestsLaunchTests.swift */,
			);
			path = LandmarksUITests;
			sourceTree = "<group>";
		};
		EA908B812BD8D13F0080869C /* Resources */ = {
			isa = PBXGroup;
			children = (
				EA908B9F2BD903500080869C /* hikeData.json */,
				EA908B822BD8D1540080869C /* landmarkData.json */,
			);
			path = Resources;
			sourceTree = "<group>";
		};
		EA908B862BD8D2380080869C /* Views */ = {
			isa = PBXGroup;
			children = (
				EA908B552BD8CBA70080869C /* ContentView.swift */,
				EA908B922BD8DDEA0080869C /* Landmarks */,
				EA908B9E2BD902720080869C /* Badges */,
				EA908B932BD8DDF90080869C /* Helpers */,
				EA908BAC2BD906470080869C /* Categories */,
				EA908BB52BD90B300080869C /* Profiles */,
				EA908BBE2BD911770080869C /* PageView */,
				EA908BA32BD903BF0080869C /* Hikes */,
			);
			path = Views;
			sourceTree = "<group>";
		};
		EA908B872BD8D2560080869C /* Model */ = {
			isa = PBXGroup;
			children = (
				EA908B842BD8D18D0080869C /* LandMark.swift */,
				EA908B882BD8D28E0080869C /* ModelData.swift */,
				EA908BA12BD9036D0080869C /* Hike.swift */,
				EA908BB32BD90B1F0080869C /* Profile.swift */,
			);
			path = Model;
			sourceTree = "<group>";
		};
		EA908B922BD8DDEA0080869C /* Landmarks */ = {
			isa = PBXGroup;
			children = (
				EA908B8C2BD8D4080080869C /* LandmarkList.swift */,
				EA908B8A2BD8D2BB0080869C /* LandmarkRow.swift */,
				EA908B8E2BD8D4720080869C /* LandmarkDetail.swift */,
			);
			path = Landmarks;
			sourceTree = "<group>";
		};
		EA908B932BD8DDF90080869C /* Helpers */ = {
			isa = PBXGroup;
			children = (
				EA908B7D2BD8CDE20080869C /* CircleImage.swift */,
				EA908B7F2BD8CE540080869C /* MapView.swift */,
				EA908B902BD8DD650080869C /* FavoriteButton.swift */,
			);
			path = Helpers;
			sourceTree = "<group>";
		};
		EA908B9E2BD902720080869C /* Badges */ = {
			isa = PBXGroup;
			children = (
				EA908B942BD900210080869C /* HexagonParameters.swift */,
				EA908B962BD9008A0080869C /* BadgeBackground.swift */,
				EA908B982BD901EB0080869C /* BadgeSymbol.swift */,
				EA908B9A2BD9021B0080869C /* RotatedBadgeSymbol.swift */,
				EA908B9C2BD9023E0080869C /* Badge.swift */,
			);
			path = Badges;
			sourceTree = "<group>";
		};
		EA908BA32BD903BF0080869C /* Hikes */ = {
			isa = PBXGroup;
			children = (
				EA908BA62BD903CF0080869C /* GraphCapsule.swift */,
				EA908BA42BD903CF0080869C /* HikeDetail.swift */,
				EA908BA72BD903CF0080869C /* HikeGraph.swift */,
				EA908BA52BD903CF0080869C /* HikeView.swift */,
				EA908BBA2BD90C4B0080869C /* HikeBadge.swift */,
			);
			path = Hikes;
			sourceTree = "<group>";
		};
		EA908BAC2BD906470080869C /* Categories */ = {
			isa = PBXGroup;
			children = (
				EA908BAD2BD9065B0080869C /* CategoryHome.swift */,
				EA908BAF2BD908000080869C /* CategoryRow.swift */,
				EA908BB12BD908600080869C /* CategoryItem.swift */,
			);
			path = Categories;
			sourceTree = "<group>";
		};
		EA908BB52BD90B300080869C /* Profiles */ = {
			isa = PBXGroup;
			children = (
				EA908BB62BD90B3F0080869C /* ProfileHost.swift */,
				EA908BB82BD90B5C0080869C /* ProfileSummary.swift */,
				EA908BBC2BD90D4E0080869C /* ProfileEditor.swift */,
			);
			path = Profiles;
			sourceTree = "<group>";
		};
		EA908BBE2BD911770080869C /* PageView */ = {
			isa = PBXGroup;
			children = (
				EA908BBF2BD911950080869C /* PageViewController.swift */,
				EA908BC32BD912740080869C /* PageView.swift */,
				EA908BC12BD912300080869C /* FeatureCard.swift */,
				EA908BC52BD913BE0080869C /* PageControl.swift */,
			);
			path = PageView;
			sourceTree = "<group>";
		};
		EA908BCC2BD915580080869C /* WatchLandmarks Watch App */ = {
			isa = PBXGroup;
			children = (
				EA908BCF2BD915580080869C /* ContentView.swift */,
				EA908C112BD916B40080869C /* LandmarkDetail.swift */,
				EA908C132BD918660080869C /* NotificationView.swift */,
				EA908C162BD918B60080869C /* NotificationViewController.swift */,
				EA908BD12BD915590080869C /* Assets.xcassets */,
				EA908BD32BD915590080869C /* Preview Content */,
				EA908C182BD919640080869C /* PushNotificationPayload.apns */,
			);
			path = "WatchLandmarks Watch App";
			sourceTree = "<group>";
		};
		EA908BD32BD915590080869C /* Preview Content */ = {
			isa = PBXGroup;
			children = (
				EA908BD42BD915590080869C /* Preview Assets.xcassets */,
			);
			path = "Preview Content";
			sourceTree = "<group>";
		};
		EA908BDD2BD915590080869C /* WatchLandmarks Watch AppTests */ = {
			isa = PBXGroup;
			children = (
				EA908BDE2BD915590080869C /* WatchLandmarks_Watch_AppTests.swift */,
			);
			path = "WatchLandmarks Watch AppTests";
			sourceTree = "<group>";
		};
		EA908BE72BD915590080869C /* WatchLandmarks Watch AppUITests */ = {
			isa = PBXGroup;
			children = (
				EA908BE82BD915590080869C /* WatchLandmarks_Watch_AppUITests.swift */,
				EA908BEA2BD915590080869C /* WatchLandmarks_Watch_AppUITestsLaunchTests.swift */,
			);
			path = "WatchLandmarks Watch AppUITests";
			sourceTree = "<group>";
		};
/* End PBXGroup section */

/* Begin PBXNativeTarget section */
		EA908B4F2BD8CBA70080869C /* Landmarks */ = {
			isa = PBXNativeTarget;
			buildConfigurationList = EA908B742BD8CBA90080869C /* Build configuration list for PBXNativeTarget "Landmarks" */;
			buildPhases = (
				EA908B4C2BD8CBA70080869C /* Sources */,
				EA908B4D2BD8CBA70080869C /* Frameworks */,
				EA908B4E2BD8CBA70080869C /* Resources */,
				EA908BF22BD9155A0080869C /* Embed Watch Content */,
			);
			buildRules = (
			);
			dependencies = (
				EA908BED2BD915590080869C /* PBXTargetDependency */,
			);
			name = Landmarks;
			productName = Landmarks;
			productReference = EA908B502BD8CBA70080869C /* Landmarks.app */;
			productType = "com.apple.product-type.application";
		};
		EA908B5F2BD8CBA80080869C /* LandmarksTests */ = {
			isa = PBXNativeTarget;
			buildConfigurationList = EA908B772BD8CBA90080869C /* Build configuration list for PBXNativeTarget "LandmarksTests" */;
			buildPhases = (
				EA908B5C2BD8CBA80080869C /* Sources */,
				EA908B5D2BD8CBA80080869C /* Frameworks */,
				EA908B5E2BD8CBA80080869C /* Resources */,
			);
			buildRules = (
			);
			dependencies = (
				EA908B622BD8CBA90080869C /* PBXTargetDependency */,
			);
			name = LandmarksTests;
			productName = LandmarksTests;
			productReference = EA908B602BD8CBA90080869C /* LandmarksTests.xctest */;
			productType = "com.apple.product-type.bundle.unit-test";
		};
		EA908B692BD8CBA90080869C /* LandmarksUITests */ = {
			isa = PBXNativeTarget;
			buildConfigurationList = EA908B7A2BD8CBA90080869C /* Build configuration list for PBXNativeTarget "LandmarksUITests" */;
			buildPhases = (
				EA908B662BD8CBA90080869C /* Sources */,
				EA908B672BD8CBA90080869C /* Frameworks */,
				EA908B682BD8CBA90080869C /* Resources */,
			);
			buildRules = (
			);
			dependencies = (
				EA908B6C2BD8CBA90080869C /* PBXTargetDependency */,
			);
			name = LandmarksUITests;
			productName = LandmarksUITests;
			productReference = EA908B6A2BD8CBA90080869C /* LandmarksUITests.xctest */;
			productType = "com.apple.product-type.bundle.ui-testing";
		};
		EA908BCA2BD915580080869C /* WatchLandmarks Watch App */ = {
			isa = PBXNativeTarget;
			buildConfigurationList = EA908BEF2BD9155A0080869C /* Build configuration list for PBXNativeTarget "WatchLandmarks Watch App" */;
			buildPhases = (
				EA908BC72BD915580080869C /* Sources */,
				EA908BC82BD915580080869C /* Frameworks */,
				EA908BC92BD915580080869C /* Resources */,
			);
			buildRules = (
			);
			dependencies = (
			);
			name = "WatchLandmarks Watch App";
			productName = "WatchLandmarks Watch App";
			productReference = EA908BCB2BD915580080869C /* WatchLandmarks Watch App.app */;
			productType = "com.apple.product-type.application";
		};
		EA908BD92BD915590080869C /* WatchLandmarks Watch AppTests */ = {
			isa = PBXNativeTarget;
			buildConfigurationList = EA908BF32BD9155A0080869C /* Build configuration list for PBXNativeTarget "WatchLandmarks Watch AppTests" */;
			buildPhases = (
				EA908BD62BD915590080869C /* Sources */,
				EA908BD72BD915590080869C /* Frameworks */,
				EA908BD82BD915590080869C /* Resources */,
			);
			buildRules = (
			);
			dependencies = (
				EA908BDC2BD915590080869C /* PBXTargetDependency */,
			);
			name = "WatchLandmarks Watch AppTests";
			productName = "WatchLandmarks Watch AppTests";
			productReference = EA908BDA2BD915590080869C /* WatchLandmarks Watch AppTests.xctest */;
			productType = "com.apple.product-type.bundle.unit-test";
		};
		EA908BE32BD915590080869C /* WatchLandmarks Watch AppUITests */ = {
			isa = PBXNativeTarget;
			buildConfigurationList = EA908BF62BD9155A0080869C /* Build configuration list for PBXNativeTarget "WatchLandmarks Watch AppUITests" */;
			buildPhases = (
				EA908BE02BD915590080869C /* Sources */,
				EA908BE12BD915590080869C /* Frameworks */,
				EA908BE22BD915590080869C /* Resources */,
			);
			buildRules = (
			);
			dependencies = (
				EA908BE62BD915590080869C /* PBXTargetDependency */,
			);
			name = "WatchLandmarks Watch AppUITests";
			productName = "WatchLandmarks Watch AppUITests";
			productReference = EA908BE42BD915590080869C /* WatchLandmarks Watch AppUITests.xctest */;
			productType = "com.apple.product-type.bundle.ui-testing";
		};
/* End PBXNativeTarget section */

/* Begin PBXProject section */
		EA908B482BD8CBA70080869C /* Project object */ = {
			isa = PBXProject;
			attributes = {
				BuildIndependentTargetsInParallel = 1;
				LastSwiftUpdateCheck = 1510;
				LastUpgradeCheck = 1510;
				TargetAttributes = {
					EA908B4F2BD8CBA70080869C = {
						CreatedOnToolsVersion = 15.1;
					};
					EA908B5F2BD8CBA80080869C = {
						CreatedOnToolsVersion = 15.1;
						TestTargetID = EA908B4F2BD8CBA70080869C;
					};
					EA908B692BD8CBA90080869C = {
						CreatedOnToolsVersion = 15.1;
						TestTargetID = EA908B4F2BD8CBA70080869C;
					};
					EA908BCA2BD915580080869C = {
						CreatedOnToolsVersion = 15.1;
					};
					EA908BD92BD915590080869C = {
						CreatedOnToolsVersion = 15.1;
						TestTargetID = EA908BCA2BD915580080869C;
					};
					EA908BE32BD915590080869C = {
						CreatedOnToolsVersion = 15.1;
						TestTargetID = EA908BCA2BD915580080869C;
					};
				};
			};
			buildConfigurationList = EA908B4B2BD8CBA70080869C /* Build configuration list for PBXProject "Landmarks" */;
			compatibilityVersion = "Xcode 14.0";
			developmentRegion = en;
			hasScannedForEncodings = 0;
			knownRegions = (
				en,
				Base,
			);
			mainGroup = EA908B472BD8CBA70080869C;
			productRefGroup = EA908B512BD8CBA70080869C /* Products */;
			projectDirPath = "";
			projectRoot = "";
			targets = (
				EA908B4F2BD8CBA70080869C /* Landmarks */,
				EA908B5F2BD8CBA80080869C /* LandmarksTests */,
				EA908B692BD8CBA90080869C /* LandmarksUITests */,
				EA908BCA2BD915580080869C /* WatchLandmarks Watch App */,
				EA908BD92BD915590080869C /* WatchLandmarks Watch AppTests */,
				EA908BE32BD915590080869C /* WatchLandmarks Watch AppUITests */,
			);
		};
/* End PBXProject section */

/* Begin PBXResourcesBuildPhase section */
		EA908B4E2BD8CBA70080869C /* Resources */ = {
			isa = PBXResourcesBuildPhase;
			buildActionMask = 2147483647;
			files = (
				EA908BA02BD903500080869C /* hikeData.json in Resources */,
				EA908B5B2BD8CBA80080869C /* Preview Assets.xcassets in Resources */,
				EA908B582BD8CBA80080869C /* Assets.xcassets in Resources */,
				EA908B832BD8D1540080869C /* landmarkData.json in Resources */,
			);
			runOnlyForDeploymentPostprocessing = 0;
		};
		EA908B5E2BD8CBA80080869C /* Resources */ = {
			isa = PBXResourcesBuildPhase;
			buildActionMask = 2147483647;
			files = (
			);
			runOnlyForDeploymentPostprocessing = 0;
		};
		EA908B682BD8CBA90080869C /* Resources */ = {
			isa = PBXResourcesBuildPhase;
			buildActionMask = 2147483647;
			files = (
			);
			runOnlyForDeploymentPostprocessing = 0;
		};
		EA908BC92BD915580080869C /* Resources */ = {
			isa = PBXResourcesBuildPhase;
			buildActionMask = 2147483647;
			files = (
				EA908BD52BD915590080869C /* Preview Assets.xcassets in Resources */,
				EA908C0D2BD9160D0080869C /* landmarkData.json in Resources */,
				EA908C052BD9160D0080869C /* Assets.xcassets in Resources */,
				EA908BD22BD915590080869C /* Assets.xcassets in Resources */,
				EA908C0F2BD9160D0080869C /* hikeData.json in Resources */,
				EA908C192BD91AB10080869C /* PushNotificationPayload.apns in Resources */,
			);
			runOnlyForDeploymentPostprocessing = 0;
		};
		EA908BD82BD915590080869C /* Resources */ = {
			isa = PBXResourcesBuildPhase;
			buildActionMask = 2147483647;
			files = (
			);
			runOnlyForDeploymentPostprocessing = 0;
		};
		EA908BE22BD915590080869C /* Resources */ = {
			isa = PBXResourcesBuildPhase;
			buildActionMask = 2147483647;
			files = (
			);
			runOnlyForDeploymentPostprocessing = 0;
		};
/* End PBXResourcesBuildPhase section */

/* Begin PBXSourcesBuildPhase section */
		EA908B4C2BD8CBA70080869C /* Sources */ = {
			isa = PBXSourcesBuildPhase;
			buildActionMask = 2147483647;
			files = (
				EA908BB02BD908000080869C /* CategoryRow.swift in Sources */,
				EA908BB42BD90B1F0080869C /* Profile.swift in Sources */,
				EA908B562BD8CBA70080869C /* ContentView.swift in Sources */,
				EA908BAE2BD9065B0080869C /* CategoryHome.swift in Sources */,
				EA908B9D2BD9023E0080869C /* Badge.swift in Sources */,
				EA908B852BD8D18D0080869C /* LandMark.swift in Sources */,
				EA908B542BD8CBA70080869C /* LandmarksApp.swift in Sources */,
				EA908B912BD8DD650080869C /* FavoriteButton.swift in Sources */,
				EA908B952BD900210080869C /* HexagonParameters.swift in Sources */,
				EA908BA22BD9036D0080869C /* Hike.swift in Sources */,
				EA908BC62BD913BE0080869C /* PageControl.swift in Sources */,
				EA908B9B2BD9021B0080869C /* RotatedBadgeSymbol.swift in Sources */,
				EA908BA82BD903CF0080869C /* HikeDetail.swift in Sources */,
				EA908BB92BD90B5C0080869C /* ProfileSummary.swift in Sources */,
				EA908B992BD901EB0080869C /* BadgeSymbol.swift in Sources */,
				EA908BC22BD912300080869C /* FeatureCard.swift in Sources */,
				EA908BB72BD90B3F0080869C /* ProfileHost.swift in Sources */,
				EA908B8D2BD8D4080080869C /* LandmarkList.swift in Sources */,
				EA908B8F2BD8D4720080869C /* LandmarkDetail.swift in Sources */,
				EA908BC42BD912740080869C /* PageView.swift in Sources */,
				EA908B972BD9008A0080869C /* BadgeBackground.swift in Sources */,
				EA908BBD2BD90D4E0080869C /* ProfileEditor.swift in Sources */,
				EA908BAB2BD903CF0080869C /* HikeGraph.swift in Sources */,
				EA908BB22BD908600080869C /* CategoryItem.swift in Sources */,
				EA908BA92BD903CF0080869C /* HikeView.swift in Sources */,
				EA908BC02BD911950080869C /* PageViewController.swift in Sources */,
				EA908B802BD8CE540080869C /* MapView.swift in Sources */,
				EA908BBB2BD90C4B0080869C /* HikeBadge.swift in Sources */,
				EA908B7E2BD8CDE20080869C /* CircleImage.swift in Sources */,
				EA908B8B2BD8D2BB0080869C /* LandmarkRow.swift in Sources */,
				EA908BAA2BD903CF0080869C /* GraphCapsule.swift in Sources */,
				EA908B892BD8D28E0080869C /* ModelData.swift in Sources */,
			);
			runOnlyForDeploymentPostprocessing = 0;
		};
		EA908B5C2BD8CBA80080869C /* Sources */ = {
			isa = PBXSourcesBuildPhase;
			buildActionMask = 2147483647;
			files = (
				EA908B652BD8CBA90080869C /* LandmarksTests.swift in Sources */,
			);
			runOnlyForDeploymentPostprocessing = 0;
		};
		EA908B662BD8CBA90080869C /* Sources */ = {
			isa = PBXSourcesBuildPhase;
			buildActionMask = 2147483647;
			files = (
				EA908B712BD8CBA90080869C /* LandmarksUITestsLaunchTests.swift in Sources */,
				EA908B6F2BD8CBA90080869C /* LandmarksUITests.swift in Sources */,
			);
			runOnlyForDeploymentPostprocessing = 0;
		};
		EA908BC72BD915580080869C /* Sources */ = {
			isa = PBXSourcesBuildPhase;
			buildActionMask = 2147483647;
			files = (
				EA908C062BD9160D0080869C /* Hike.swift in Sources */,
				EA908C0C2BD9160D0080869C /* MapView.swift in Sources */,
				EA908C0E2BD9160D0080869C /* ModelData.swift in Sources */,
				EA908C102BD9160D0080869C /* LandmarksApp.swift in Sources */,
				EA908C092BD9160D0080869C /* Profile.swift in Sources */,
				EA908C072BD9160D0080869C /* LandmarkList.swift in Sources */,
				EA908C0B2BD9160D0080869C /* CircleImage.swift in Sources */,
				EA908C0A2BD9160D0080869C /* LandMark.swift in Sources */,
				EA908C082BD9160D0080869C /* LandmarkRow.swift in Sources */,
				EA908C172BD918B60080869C /* NotificationViewController.swift in Sources */,
				EA908BD02BD915580080869C /* ContentView.swift in Sources */,
				EA908C122BD916B40080869C /* LandmarkDetail.swift in Sources */,
				EA908C142BD918660080869C /* NotificationView.swift in Sources */,
			);
			runOnlyForDeploymentPostprocessing = 0;
		};
		EA908BD62BD915590080869C /* Sources */ = {
			isa = PBXSourcesBuildPhase;
			buildActionMask = 2147483647;
			files = (
				EA908BDF2BD915590080869C /* WatchLandmarks_Watch_AppTests.swift in Sources */,
			);
			runOnlyForDeploymentPostprocessing = 0;
		};
		EA908BE02BD915590080869C /* Sources */ = {
			isa = PBXSourcesBuildPhase;
			buildActionMask = 2147483647;
			files = (
				EA908BEB2BD915590080869C /* WatchLandmarks_Watch_AppUITestsLaunchTests.swift in Sources */,
				EA908BE92BD915590080869C /* WatchLandmarks_Watch_AppUITests.swift in Sources */,
			);
			runOnlyForDeploymentPostprocessing = 0;
		};
/* End PBXSourcesBuildPhase section */

/* Begin PBXTargetDependency section */
		EA908B622BD8CBA90080869C /* PBXTargetDependency */ = {
			isa = PBXTargetDependency;
			target = EA908B4F2BD8CBA70080869C /* Landmarks */;
			targetProxy = EA908B612BD8CBA90080869C /* PBXContainerItemProxy */;
		};
		EA908B6C2BD8CBA90080869C /* PBXTargetDependency */ = {
			isa = PBXTargetDependency;
			target = EA908B4F2BD8CBA70080869C /* Landmarks */;
			targetProxy = EA908B6B2BD8CBA90080869C /* PBXContainerItemProxy */;
		};
		EA908BDC2BD915590080869C /* PBXTargetDependency */ = {
			isa = PBXTargetDependency;
			target = EA908BCA2BD915580080869C /* WatchLandmarks Watch App */;
			targetProxy = EA908BDB2BD915590080869C /* PBXContainerItemProxy */;
		};
		EA908BE62BD915590080869C /* PBXTargetDependency */ = {
			isa = PBXTargetDependency;
			target = EA908BCA2BD915580080869C /* WatchLandmarks Watch App */;
			targetProxy = EA908BE52BD915590080869C /* PBXContainerItemProxy */;
		};
		EA908BED2BD915590080869C /* PBXTargetDependency */ = {
			isa = PBXTargetDependency;
			target = EA908BCA2BD915580080869C /* WatchLandmarks Watch App */;
			targetProxy = EA908BEC2BD915590080869C /* PBXContainerItemProxy */;
		};
/* End PBXTargetDependency section */

/* Begin XCBuildConfiguration section */
		EA908B722BD8CBA90080869C /* Debug */ = {
			isa = XCBuildConfiguration;
			buildSettings = {
				ALWAYS_SEARCH_USER_PATHS = NO;
				ASSETCATALOG_COMPILER_GENERATE_SWIFT_ASSET_SYMBOL_EXTENSIONS = YES;
				CLANG_ANALYZER_NONNULL = YES;
				CLANG_ANALYZER_NUMBER_OBJECT_CONVERSION = YES_AGGRESSIVE;
				CLANG_CXX_LANGUAGE_STANDARD = "gnu++20";
				CLANG_ENABLE_MODULES = YES;
				CLANG_ENABLE_OBJC_ARC = YES;
				CLANG_ENABLE_OBJC_WEAK = YES;
				CLANG_WARN_BLOCK_CAPTURE_AUTORELEASING = YES;
				CLANG_WARN_BOOL_CONVERSION = YES;
				CLANG_WARN_COMMA = YES;
				CLANG_WARN_CONSTANT_CONVERSION = YES;
				CLANG_WARN_DEPRECATED_OBJC_IMPLEMENTATIONS = YES;
				CLANG_WARN_DIRECT_OBJC_ISA_USAGE = YES_ERROR;
				CLANG_WARN_DOCUMENTATION_COMMENTS = YES;
				CLANG_WARN_EMPTY_BODY = YES;
				CLANG_WARN_ENUM_CONVERSION = YES;
				CLANG_WARN_INFINITE_RECURSION = YES;
				CLANG_WARN_INT_CONVERSION = YES;
				CLANG_WARN_NON_LITERAL_NULL_CONVERSION = YES;
				CLANG_WARN_OBJC_IMPLICIT_RETAIN_SELF = YES;
				CLANG_WARN_OBJC_LITERAL_CONVERSION = YES;
				CLANG_WARN_OBJC_ROOT_CLASS = YES_ERROR;
				CLANG_WARN_QUOTED_INCLUDE_IN_FRAMEWORK_HEADER = YES;
				CLANG_WARN_RANGE_LOOP_ANALYSIS = YES;
				CLANG_WARN_STRICT_PROTOTYPES = YES;
				CLANG_WARN_SUSPICIOUS_MOVE = YES;
				CLANG_WARN_UNGUARDED_AVAILABILITY = YES_AGGRESSIVE;
				CLANG_WARN_UNREACHABLE_CODE = YES;
				CLANG_WARN__DUPLICATE_METHOD_MATCH = YES;
				COPY_PHASE_STRIP = NO;
				DEBUG_INFORMATION_FORMAT = dwarf;
				ENABLE_STRICT_OBJC_MSGSEND = YES;
				ENABLE_TESTABILITY = YES;
				ENABLE_USER_SCRIPT_SANDBOXING = YES;
				GCC_C_LANGUAGE_STANDARD = gnu17;
				GCC_DYNAMIC_NO_PIC = NO;
				GCC_NO_COMMON_BLOCKS = YES;
				GCC_OPTIMIZATION_LEVEL = 0;
				GCC_PREPROCESSOR_DEFINITIONS = (
					"DEBUG=1",
					"$(inherited)",
				);
				GCC_WARN_64_TO_32_BIT_CONVERSION = YES;
				GCC_WARN_ABOUT_RETURN_TYPE = YES_ERROR;
				GCC_WARN_UNDECLARED_SELECTOR = YES;
				GCC_WARN_UNINITIALIZED_AUTOS = YES_AGGRESSIVE;
				GCC_WARN_UNUSED_FUNCTION = YES;
				GCC_WARN_UNUSED_VARIABLE = YES;
				IPHONEOS_DEPLOYMENT_TARGET = 17.2;
				LOCALIZATION_PREFERS_STRING_CATALOGS = YES;
				MTL_ENABLE_DEBUG_INFO = INCLUDE_SOURCE;
				MTL_FAST_MATH = YES;
				ONLY_ACTIVE_ARCH = YES;
				SDKROOT = iphoneos;
				SWIFT_ACTIVE_COMPILATION_CONDITIONS = "DEBUG $(inherited)";
				SWIFT_OPTIMIZATION_LEVEL = "-Onone";
			};
			name = Debug;
		};
		EA908B732BD8CBA90080869C /* Release */ = {
			isa = XCBuildConfiguration;
			buildSettings = {
				ALWAYS_SEARCH_USER_PATHS = NO;
				ASSETCATALOG_COMPILER_GENERATE_SWIFT_ASSET_SYMBOL_EXTENSIONS = YES;
				CLANG_ANALYZER_NONNULL = YES;
				CLANG_ANALYZER_NUMBER_OBJECT_CONVERSION = YES_AGGRESSIVE;
				CLANG_CXX_LANGUAGE_STANDARD = "gnu++20";
				CLANG_ENABLE_MODULES = YES;
				CLANG_ENABLE_OBJC_ARC = YES;
				CLANG_ENABLE_OBJC_WEAK = YES;
				CLANG_WARN_BLOCK_CAPTURE_AUTORELEASING = YES;
				CLANG_WARN_BOOL_CONVERSION = YES;
				CLANG_WARN_COMMA = YES;
				CLANG_WARN_CONSTANT_CONVERSION = YES;
				CLANG_WARN_DEPRECATED_OBJC_IMPLEMENTATIONS = YES;
				CLANG_WARN_DIRECT_OBJC_ISA_USAGE = YES_ERROR;
				CLANG_WARN_DOCUMENTATION_COMMENTS = YES;
				CLANG_WARN_EMPTY_BODY = YES;
				CLANG_WARN_ENUM_CONVERSION = YES;
				CLANG_WARN_INFINITE_RECURSION = YES;
				CLANG_WARN_INT_CONVERSION = YES;
				CLANG_WARN_NON_LITERAL_NULL_CONVERSION = YES;
				CLANG_WARN_OBJC_IMPLICIT_RETAIN_SELF = YES;
				CLANG_WARN_OBJC_LITERAL_CONVERSION = YES;
				CLANG_WARN_OBJC_ROOT_CLASS = YES_ERROR;
				CLANG_WARN_QUOTED_INCLUDE_IN_FRAMEWORK_HEADER = YES;
				CLANG_WARN_RANGE_LOOP_ANALYSIS = YES;
				CLANG_WARN_STRICT_PROTOTYPES = YES;
				CLANG_WARN_SUSPICIOUS_MOVE = YES;
				CLANG_WARN_UNGUARDED_AVAILABILITY = YES_AGGRESSIVE;
				CLANG_WARN_UNREACHABLE_CODE = YES;
				CLANG_WARN__DUPLICATE_METHOD_MATCH = YES;
				COPY_PHASE_STRIP = NO;
				DEBUG_INFORMATION_FORMAT = "dwarf-with-dsym";
				ENABLE_NS_ASSERTIONS = NO;
				ENABLE_STRICT_OBJC_MSGSEND = YES;
				ENABLE_USER_SCRIPT_SANDBOXING = YES;
				GCC_C_LANGUAGE_STANDARD = gnu17;
				GCC_NO_COMMON_BLOCKS = YES;
				GCC_WARN_64_TO_32_BIT_CONVERSION = YES;
				GCC_WARN_ABOUT_RETURN_TYPE = YES_ERROR;
				GCC_WARN_UNDECLARED_SELECTOR = YES;
				GCC_WARN_UNINITIALIZED_AUTOS = YES_AGGRESSIVE;
				GCC_WARN_UNUSED_FUNCTION = YES;
				GCC_WARN_UNUSED_VARIABLE = YES;
				IPHONEOS_DEPLOYMENT_TARGET = 17.2;
				LOCALIZATION_PREFERS_STRING_CATALOGS = YES;
				MTL_ENABLE_DEBUG_INFO = NO;
				MTL_FAST_MATH = YES;
				SDKROOT = iphoneos;
				SWIFT_COMPILATION_MODE = wholemodule;
				VALIDATE_PRODUCT = YES;
			};
			name = Release;
		};
		EA908B752BD8CBA90080869C /* Debug */ = {
			isa = XCBuildConfiguration;
			buildSettings = {
				ALWAYS_EMBED_SWIFT_STANDARD_LIBRARIES = YES;
				ASSETCATALOG_COMPILER_APPICON_NAME = AppIcon;
				ASSETCATALOG_COMPILER_GLOBAL_ACCENT_COLOR_NAME = AccentColor;
				CODE_SIGN_STYLE = Automatic;
				CURRENT_PROJECT_VERSION = 1;
				DEVELOPMENT_ASSET_PATHS = "\"Landmarks/Preview Content\"";
				DEVELOPMENT_TEAM = 3T5QFYSPG5;
				ENABLE_PREVIEWS = YES;
				GENERATE_INFOPLIST_FILE = YES;
				INFOPLIST_KEY_UIApplicationSceneManifest_Generation = YES;
				INFOPLIST_KEY_UIApplicationSupportsIndirectInputEvents = YES;
				INFOPLIST_KEY_UILaunchScreen_Generation = YES;
				INFOPLIST_KEY_UISupportedInterfaceOrientations_iPad = "UIInterfaceOrientationPortrait UIInterfaceOrientationPortraitUpsideDown UIInterfaceOrientationLandscapeLeft UIInterfaceOrientationLandscapeRight";
				INFOPLIST_KEY_UISupportedInterfaceOrientations_iPhone = "UIInterfaceOrientationPortrait UIInterfaceOrientationLandscapeLeft UIInterfaceOrientationLandscapeRight";
				IPHONEOS_DEPLOYMENT_TARGET = 17.0;
				LD_RUNPATH_SEARCH_PATHS = (
					"$(inherited)",
					"@executable_path/Frameworks",
				);
				MARKETING_VERSION = 1.0;
				PRODUCT_BUNDLE_IDENTIFIER = suni.dev.Landmarks;
				PRODUCT_NAME = "$(TARGET_NAME)";
				SWIFT_EMIT_LOC_STRINGS = YES;
				SWIFT_VERSION = 5.0;
				TARGETED_DEVICE_FAMILY = "1,2";
			};
			name = Debug;
		};
		EA908B762BD8CBA90080869C /* Release */ = {
			isa = XCBuildConfiguration;
			buildSettings = {
				ALWAYS_EMBED_SWIFT_STANDARD_LIBRARIES = YES;
				ASSETCATALOG_COMPILER_APPICON_NAME = AppIcon;
				ASSETCATALOG_COMPILER_GLOBAL_ACCENT_COLOR_NAME = AccentColor;
				CODE_SIGN_STYLE = Automatic;
				CURRENT_PROJECT_VERSION = 1;
				DEVELOPMENT_ASSET_PATHS = "\"Landmarks/Preview Content\"";
				DEVELOPMENT_TEAM = 3T5QFYSPG5;
				ENABLE_PREVIEWS = YES;
				GENERATE_INFOPLIST_FILE = YES;
				INFOPLIST_KEY_UIApplicationSceneManifest_Generation = YES;
				INFOPLIST_KEY_UIApplicationSupportsIndirectInputEvents = YES;
				INFOPLIST_KEY_UILaunchScreen_Generation = YES;
				INFOPLIST_KEY_UISupportedInterfaceOrientations_iPad = "UIInterfaceOrientationPortrait UIInterfaceOrientationPortraitUpsideDown UIInterfaceOrientationLandscapeLeft UIInterfaceOrientationLandscapeRight";
				INFOPLIST_KEY_UISupportedInterfaceOrientations_iPhone = "UIInterfaceOrientationPortrait UIInterfaceOrientationLandscapeLeft UIInterfaceOrientationLandscapeRight";
				IPHONEOS_DEPLOYMENT_TARGET = 17.0;
				LD_RUNPATH_SEARCH_PATHS = (
					"$(inherited)",
					"@executable_path/Frameworks",
				);
				MARKETING_VERSION = 1.0;
				PRODUCT_BUNDLE_IDENTIFIER = suni.dev.Landmarks;
				PRODUCT_NAME = "$(TARGET_NAME)";
				SWIFT_EMIT_LOC_STRINGS = YES;
				SWIFT_VERSION = 5.0;
				TARGETED_DEVICE_FAMILY = "1,2";
			};
			name = Release;
		};
		EA908B782BD8CBA90080869C /* Debug */ = {
			isa = XCBuildConfiguration;
			buildSettings = {
				ALWAYS_EMBED_SWIFT_STANDARD_LIBRARIES = YES;
				BUNDLE_LOADER = "$(TEST_HOST)";
				CODE_SIGN_STYLE = Automatic;
				CURRENT_PROJECT_VERSION = 1;
				DEVELOPMENT_TEAM = 3T5QFYSPG5;
				GENERATE_INFOPLIST_FILE = YES;
				IPHONEOS_DEPLOYMENT_TARGET = 17.2;
				MARKETING_VERSION = 1.0;
				PRODUCT_BUNDLE_IDENTIFIER = suni.dev.LandmarksTests;
				PRODUCT_NAME = "$(TARGET_NAME)";
				SWIFT_EMIT_LOC_STRINGS = NO;
				SWIFT_VERSION = 5.0;
				TARGETED_DEVICE_FAMILY = "1,2";
				TEST_HOST = "$(BUILT_PRODUCTS_DIR)/Landmarks.app/$(BUNDLE_EXECUTABLE_FOLDER_PATH)/Landmarks";
			};
			name = Debug;
		};
		EA908B792BD8CBA90080869C /* Release */ = {
			isa = XCBuildConfiguration;
			buildSettings = {
				ALWAYS_EMBED_SWIFT_STANDARD_LIBRARIES = YES;
				BUNDLE_LOADER = "$(TEST_HOST)";
				CODE_SIGN_STYLE = Automatic;
				CURRENT_PROJECT_VERSION = 1;
				DEVELOPMENT_TEAM = 3T5QFYSPG5;
				GENERATE_INFOPLIST_FILE = YES;
				IPHONEOS_DEPLOYMENT_TARGET = 17.2;
				MARKETING_VERSION = 1.0;
				PRODUCT_BUNDLE_IDENTIFIER = suni.dev.LandmarksTests;
				PRODUCT_NAME = "$(TARGET_NAME)";
				SWIFT_EMIT_LOC_STRINGS = NO;
				SWIFT_VERSION = 5.0;
				TARGETED_DEVICE_FAMILY = "1,2";
				TEST_HOST = "$(BUILT_PRODUCTS_DIR)/Landmarks.app/$(BUNDLE_EXECUTABLE_FOLDER_PATH)/Landmarks";
			};
			name = Release;
		};
		EA908B7B2BD8CBA90080869C /* Debug */ = {
			isa = XCBuildConfiguration;
			buildSettings = {
				ALWAYS_EMBED_SWIFT_STANDARD_LIBRARIES = YES;
				CODE_SIGN_STYLE = Automatic;
				CURRENT_PROJECT_VERSION = 1;
				DEVELOPMENT_TEAM = 3T5QFYSPG5;
				GENERATE_INFOPLIST_FILE = YES;
				MARKETING_VERSION = 1.0;
				PRODUCT_BUNDLE_IDENTIFIER = suni.dev.LandmarksUITests;
				PRODUCT_NAME = "$(TARGET_NAME)";
				SWIFT_EMIT_LOC_STRINGS = NO;
				SWIFT_VERSION = 5.0;
				TARGETED_DEVICE_FAMILY = "1,2";
				TEST_TARGET_NAME = Landmarks;
			};
			name = Debug;
		};
		EA908B7C2BD8CBA90080869C /* Release */ = {
			isa = XCBuildConfiguration;
			buildSettings = {
				ALWAYS_EMBED_SWIFT_STANDARD_LIBRARIES = YES;
				CODE_SIGN_STYLE = Automatic;
				CURRENT_PROJECT_VERSION = 1;
				DEVELOPMENT_TEAM = 3T5QFYSPG5;
				GENERATE_INFOPLIST_FILE = YES;
				MARKETING_VERSION = 1.0;
				PRODUCT_BUNDLE_IDENTIFIER = suni.dev.LandmarksUITests;
				PRODUCT_NAME = "$(TARGET_NAME)";
				SWIFT_EMIT_LOC_STRINGS = NO;
				SWIFT_VERSION = 5.0;
				TARGETED_DEVICE_FAMILY = "1,2";
				TEST_TARGET_NAME = Landmarks;
			};
			name = Release;
		};
		EA908BF02BD9155A0080869C /* Debug */ = {
			isa = XCBuildConfiguration;
			buildSettings = {
				ASSETCATALOG_COMPILER_APPICON_NAME = AppIcon;
				ASSETCATALOG_COMPILER_GLOBAL_ACCENT_COLOR_NAME = AccentColor;
				CODE_SIGN_STYLE = Automatic;
				CURRENT_PROJECT_VERSION = 1;
				DEVELOPMENT_ASSET_PATHS = "\"WatchLandmarks Watch App/Preview Content\"";
				DEVELOPMENT_TEAM = 3T5QFYSPG5;
				ENABLE_PREVIEWS = YES;
				GENERATE_INFOPLIST_FILE = YES;
				INFOPLIST_KEY_CFBundleDisplayName = WatchLandmarks;
				INFOPLIST_KEY_UISupportedInterfaceOrientations = "UIInterfaceOrientationPortrait UIInterfaceOrientationPortraitUpsideDown";
				INFOPLIST_KEY_WKCompanionAppBundleIdentifier = suni.dev.Landmarks;
				INFOPLIST_KEY_WKRunsIndependentlyOfCompanionApp = YES;
				LD_RUNPATH_SEARCH_PATHS = (
					"$(inherited)",
					"@executable_path/Frameworks",
				);
				MARKETING_VERSION = 1.0;
				PRODUCT_BUNDLE_IDENTIFIER = suni.dev.Landmarks.watchkitapp;
				PRODUCT_NAME = "$(TARGET_NAME)";
				SDKROOT = watchos;
				SKIP_INSTALL = YES;
				SWIFT_EMIT_LOC_STRINGS = YES;
				SWIFT_VERSION = 5.0;
				TARGETED_DEVICE_FAMILY = 4;
				WATCHOS_DEPLOYMENT_TARGET = 10.0;
			};
			name = Debug;
		};
		EA908BF12BD9155A0080869C /* Release */ = {
			isa = XCBuildConfiguration;
			buildSettings = {
				ASSETCATALOG_COMPILER_APPICON_NAME = AppIcon;
				ASSETCATALOG_COMPILER_GLOBAL_ACCENT_COLOR_NAME = AccentColor;
				CODE_SIGN_STYLE = Automatic;
				CURRENT_PROJECT_VERSION = 1;
				DEVELOPMENT_ASSET_PATHS = "\"WatchLandmarks Watch App/Preview Content\"";
				DEVELOPMENT_TEAM = 3T5QFYSPG5;
				ENABLE_PREVIEWS = YES;
				GENERATE_INFOPLIST_FILE = YES;
				INFOPLIST_KEY_CFBundleDisplayName = WatchLandmarks;
				INFOPLIST_KEY_UISupportedInterfaceOrientations = "UIInterfaceOrientationPortrait UIInterfaceOrientationPortraitUpsideDown";
				INFOPLIST_KEY_WKCompanionAppBundleIdentifier = suni.dev.Landmarks;
				INFOPLIST_KEY_WKRunsIndependentlyOfCompanionApp = YES;
				LD_RUNPATH_SEARCH_PATHS = (
					"$(inherited)",
					"@executable_path/Frameworks",
				);
				MARKETING_VERSION = 1.0;
				PRODUCT_BUNDLE_IDENTIFIER = suni.dev.Landmarks.watchkitapp;
				PRODUCT_NAME = "$(TARGET_NAME)";
				SDKROOT = watchos;
				SKIP_INSTALL = YES;
				SWIFT_EMIT_LOC_STRINGS = YES;
				SWIFT_VERSION = 5.0;
				TARGETED_DEVICE_FAMILY = 4;
				WATCHOS_DEPLOYMENT_TARGET = 10.0;
			};
			name = Release;
		};
		EA908BF42BD9155A0080869C /* Debug */ = {
			isa = XCBuildConfiguration;
			buildSettings = {
				ALWAYS_EMBED_SWIFT_STANDARD_LIBRARIES = YES;
				BUNDLE_LOADER = "$(TEST_HOST)";
				CODE_SIGN_STYLE = Automatic;
				CURRENT_PROJECT_VERSION = 1;
				DEVELOPMENT_TEAM = 3T5QFYSPG5;
				GENERATE_INFOPLIST_FILE = YES;
				MARKETING_VERSION = 1.0;
				PRODUCT_BUNDLE_IDENTIFIER = "suni.dev.WatchLandmarks-Watch-AppTests";
				PRODUCT_NAME = "$(TARGET_NAME)";
				SDKROOT = watchos;
				SWIFT_EMIT_LOC_STRINGS = NO;
				SWIFT_VERSION = 5.0;
				TARGETED_DEVICE_FAMILY = 4;
				TEST_HOST = "$(BUILT_PRODUCTS_DIR)/WatchLandmarks Watch App.app/$(BUNDLE_EXECUTABLE_FOLDER_PATH)/WatchLandmarks Watch App";
				WATCHOS_DEPLOYMENT_TARGET = 10.2;
			};
			name = Debug;
		};
		EA908BF52BD9155A0080869C /* Release */ = {
			isa = XCBuildConfiguration;
			buildSettings = {
				ALWAYS_EMBED_SWIFT_STANDARD_LIBRARIES = YES;
				BUNDLE_LOADER = "$(TEST_HOST)";
				CODE_SIGN_STYLE = Automatic;
				CURRENT_PROJECT_VERSION = 1;
				DEVELOPMENT_TEAM = 3T5QFYSPG5;
				GENERATE_INFOPLIST_FILE = YES;
				MARKETING_VERSION = 1.0;
				PRODUCT_BUNDLE_IDENTIFIER = "suni.dev.WatchLandmarks-Watch-AppTests";
				PRODUCT_NAME = "$(TARGET_NAME)";
				SDKROOT = watchos;
				SWIFT_EMIT_LOC_STRINGS = NO;
				SWIFT_VERSION = 5.0;
				TARGETED_DEVICE_FAMILY = 4;
				TEST_HOST = "$(BUILT_PRODUCTS_DIR)/WatchLandmarks Watch App.app/$(BUNDLE_EXECUTABLE_FOLDER_PATH)/WatchLandmarks Watch App";
				WATCHOS_DEPLOYMENT_TARGET = 10.2;
			};
			name = Release;
		};
		EA908BF72BD9155A0080869C /* Debug */ = {
			isa = XCBuildConfiguration;
			buildSettings = {
				ALWAYS_EMBED_SWIFT_STANDARD_LIBRARIES = YES;
				CODE_SIGN_STYLE = Automatic;
				CURRENT_PROJECT_VERSION = 1;
				DEVELOPMENT_TEAM = 3T5QFYSPG5;
				GENERATE_INFOPLIST_FILE = YES;
				MARKETING_VERSION = 1.0;
				PRODUCT_BUNDLE_IDENTIFIER = "suni.dev.WatchLandmarks-Watch-AppUITests";
				PRODUCT_NAME = "$(TARGET_NAME)";
				SDKROOT = watchos;
				SWIFT_EMIT_LOC_STRINGS = NO;
				SWIFT_VERSION = 5.0;
				TARGETED_DEVICE_FAMILY = 4;
				TEST_TARGET_NAME = "WatchLandmarks Watch App";
				WATCHOS_DEPLOYMENT_TARGET = 10.2;
			};
			name = Debug;
		};
		EA908BF82BD9155A0080869C /* Release */ = {
			isa = XCBuildConfiguration;
			buildSettings = {
				ALWAYS_EMBED_SWIFT_STANDARD_LIBRARIES = YES;
				CODE_SIGN_STYLE = Automatic;
				CURRENT_PROJECT_VERSION = 1;
				DEVELOPMENT_TEAM = 3T5QFYSPG5;
				GENERATE_INFOPLIST_FILE = YES;
				MARKETING_VERSION = 1.0;
				PRODUCT_BUNDLE_IDENTIFIER = "suni.dev.WatchLandmarks-Watch-AppUITests";
				PRODUCT_NAME = "$(TARGET_NAME)";
				SDKROOT = watchos;
				SWIFT_EMIT_LOC_STRINGS = NO;
				SWIFT_VERSION = 5.0;
				TARGETED_DEVICE_FAMILY = 4;
				TEST_TARGET_NAME = "WatchLandmarks Watch App";
				WATCHOS_DEPLOYMENT_TARGET = 10.2;
			};
			name = Release;
		};
/* End XCBuildConfiguration section */

/* Begin XCConfigurationList section */
		EA908B4B2BD8CBA70080869C /* Build configuration list for PBXProject "Landmarks" */ = {
			isa = XCConfigurationList;
			buildConfigurations = (
				EA908B722BD8CBA90080869C /* Debug */,
				EA908B732BD8CBA90080869C /* Release */,
			);
			defaultConfigurationIsVisible = 0;
			defaultConfigurationName = Release;
		};
		EA908B742BD8CBA90080869C /* Build configuration list for PBXNativeTarget "Landmarks" */ = {
			isa = XCConfigurationList;
			buildConfigurations = (
				EA908B752BD8CBA90080869C /* Debug */,
				EA908B762BD8CBA90080869C /* Release */,
			);
			defaultConfigurationIsVisible = 0;
			defaultConfigurationName = Release;
		};
		EA908B772BD8CBA90080869C /* Build configuration list for PBXNativeTarget "LandmarksTests" */ = {
			isa = XCConfigurationList;
			buildConfigurations = (
				EA908B782BD8CBA90080869C /* Debug */,
				EA908B792BD8CBA90080869C /* Release */,
			);
			defaultConfigurationIsVisible = 0;
			defaultConfigurationName = Release;
		};
		EA908B7A2BD8CBA90080869C /* Build configuration list for PBXNativeTarget "LandmarksUITests" */ = {
			isa = XCConfigurationList;
			buildConfigurations = (
				EA908B7B2BD8CBA90080869C /* Debug */,
				EA908B7C2BD8CBA90080869C /* Release */,
			);
			defaultConfigurationIsVisible = 0;
			defaultConfigurationName = Release;
		};
		EA908BEF2BD9155A0080869C /* Build configuration list for PBXNativeTarget "WatchLandmarks Watch App" */ = {
			isa = XCConfigurationList;
			buildConfigurations = (
				EA908BF02BD9155A0080869C /* Debug */,
				EA908BF12BD9155A0080869C /* Release */,
			);
			defaultConfigurationIsVisible = 0;
			defaultConfigurationName = Release;
		};
		EA908BF32BD9155A0080869C /* Build configuration list for PBXNativeTarget "WatchLandmarks Watch AppTests" */ = {
			isa = XCConfigurationList;
			buildConfigurations = (
				EA908BF42BD9155A0080869C /* Debug */,
				EA908BF52BD9155A0080869C /* Release */,
			);
			defaultConfigurationIsVisible = 0;
			defaultConfigurationName = Release;
		};
		EA908BF62BD9155A0080869C /* Build configuration list for PBXNativeTarget "WatchLandmarks Watch AppUITests" */ = {
			isa = XCConfigurationList;
			buildConfigurations = (
				EA908BF72BD9155A0080869C /* Debug */,
				EA908BF82BD9155A0080869C /* Release */,
			);
			defaultConfigurationIsVisible = 0;
			defaultConfigurationName = Release;
		};
/* End XCConfigurationList section */
	};
	rootObject = EA908B482BD8CBA70080869C /* Project object */;
}
